
Microsoft Visual Studio Solution File, Format Version 12.00
# Visual Studio Version 17
VisualStudioVersion = 17.3.32825.248
MinimumVisualStudioVersion = 10.0.40219.1
Project("{FAE04EC0-301F-11D3-BF4B-00C04F79EFBC}") = "BusinessObjects", "BusinessObjects\BusinessObjects.csproj", "{26AE7C06-D4D1-4605-BD88-F1F8EBF0157E}"
EndProject
Project("{FAE04EC0-301F-11D3-BF4B-00C04F79EFBC}") = "DTOs", "DTOs\DTOs.csproj", "{2BA57519-0A49-43D7-9C7B-17D787B9D456}"
EndProject
Project("{FAE04EC0-301F-11D3-BF4B-00C04F79EFBC}") = "Repositories", "Repositories\Repositories.csproj", "{ACF1E7BF-D285-4E93-88E5-7DEA93BF98B3}"
EndProject
Project("{FAE04EC0-301F-11D3-BF4B-00C04F79EFBC}") = "DataAccessLayer", "DataAccessLayer\DataAccessLayer.csproj", "{EDE21AC4-4E45-4741-82F4-2ED6FAEFCE2B}"
EndProject
Global
	GlobalSection(SolutionConfigurationPlatforms) = preSolution
		Debug|Any CPU = Debug|Any CPU
		Release|Any CPU = Release|Any CPU
	EndGlobalSection
	GlobalSection(ProjectConfigurationPlatforms) = postSolution
		{26AE7C06-D4D1-4605-BD88-F1F8EBF0157E}.Debug|Any CPU.ActiveCfg = Debug|Any CPU
		{26AE7C06-D4D1-4605-BD88-F1F8EBF0157E}.Debug|Any CPU.Build.0 = Debug|Any CPU
		{26AE7C06-D4D1-4605-BD88-F1F8EBF0157E}.Release|Any CPU.ActiveCfg = Release|Any CPU
		{26AE7C06-D4D1-4605-BD88-F1F8EBF0157E}.Release|Any CPU.Build.0 = Release|Any CPU
		{2BA57519-0A49-43D7-9C7B-17D787B9D456}.Debug|Any CPU.ActiveCfg = Debug|Any CPU
		{2BA57519-0A49-43D7-9C7B-17D787B9D456}.Debug|Any CPU.Build.0 = Debug|Any CPU
		{2BA57519-0A49-43D7-9C7B-17D787B9D456}.Release|Any CPU.ActiveCfg = Release|Any CPU
		{2BA57519-0A49-43D7-9C7B-17D787B9D456}.Release|Any CPU.Build.0 = Release|Any CPU
		{ACF1E7BF-D285-4E93-88E5-7DEA93BF98B3}.Debug|Any CPU.ActiveCfg = Debug|Any CPU
		{ACF1E7BF-D285-4E93-88E5-7DEA93BF98B3}.Debug|Any CPU.Build.0 = Debug|Any CPU
		{ACF1E7BF-D285-4E93-88E5-7DEA93BF98B3}.Release|Any CPU.ActiveCfg = Release|Any CPU
		{ACF1E7BF-D285-4E93-88E5-7DEA93BF98B3}.Release|Any CPU.Build.0 = Release|Any CPU
		{EDE21AC4-4E45-4741-82F4-2ED6FAEFCE2B}.Debug|Any CPU.ActiveCfg = Debug|Any CPU
		{EDE21AC4-4E45-4741-82F4-2ED6FAEFCE2B}.Debug|Any CPU.Build.0 = Debug|Any CPU
		{EDE21AC4-4E45-4741-82F4-2ED6FAEFCE2B}.Release|Any CPU.ActiveCfg = Release|Any CPU
		{EDE21AC4-4E45-4741-82F4-2ED6FAEFCE2B}.Release|Any CPU.Build.0 = Release|Any CPU
	EndGlobalSection
	GlobalSection(SolutionProperties) = preSolution
		HideSolutionNode = FALSE
	EndGlobalSection
	GlobalSection(ExtensibilityGlobals) = postSolution
		SolutionGuid = {7FB232C0-8C5F-41C9-B345-263D7CC75747}
	EndGlobalSection
EndGlobal
